// !$*UTF8*$!
{
	archiveVersion = 1;
	classes = {
	};
	objectVersion = 51;
	objects = {

/* Begin PBXBuildFile section */
		3802E2F26345384FAF96977E /* Pods_TypesOfAnimation.framework in Frameworks */ = {isa = PBXBuildFile; fileRef = 5BE058B70086446499D8884F /* Pods_TypesOfAnimation.framework */; };
		FAE6C6F9263842550017168F /* AppDelegate.swift in Sources */ = {isa = PBXBuildFile; fileRef = FAE6C6F8263842550017168F /* AppDelegate.swift */; };
		FAE6C6FB263842550017168F /* SceneDelegate.swift in Sources */ = {isa = PBXBuildFile; fileRef = FAE6C6FA263842550017168F /* SceneDelegate.swift */; };
		FAE6C6FD263842550017168F /* ViewController.swift in Sources */ = {isa = PBXBuildFile; fileRef = FAE6C6FC263842550017168F /* ViewController.swift */; };
		FAE6C700263842550017168F /* Main.storyboard in Resources */ = {isa = PBXBuildFile; fileRef = FAE6C6FE263842550017168F /* Main.storyboard */; };
		FAE6C702263842560017168F /* Assets.xcassets in Resources */ = {isa = PBXBuildFile; fileRef = FAE6C701263842560017168F /* Assets.xcassets */; };
		FAE6C705263842560017168F /* LaunchScreen.storyboard in Resources */ = {isa = PBXBuildFile; fileRef = FAE6C703263842560017168F /* LaunchScreen.storyboard */; };
		FAE6C717263880560017168F /* Model.swift in Sources */ = {isa = PBXBuildFile; fileRef = FAE6C716263880560017168F /* Model.swift */; };
		FAE6C71A26388A900017168F /* DataManager.swift in Sources */ = {isa = PBXBuildFile; fileRef = FAE6C71926388A900017168F /* DataManager.swift */; };
/* End PBXBuildFile section */

/* Begin PBXFileReference section */
		5BE058B70086446499D8884F /* Pods_TypesOfAnimation.framework */ = {isa = PBXFileReference; explicitFileType = wrapper.framework; includeInIndex = 0; path = Pods_TypesOfAnimation.framework; sourceTree = BUILT_PRODUCTS_DIR; };
		D1085495491615147E935BC0 /* Pods-TypesOfAnimation.debug.xcconfig */ = {isa = PBXFileReference; includeInIndex = 1; lastKnownFileType = text.xcconfig; name = "Pods-TypesOfAnimation.debug.xcconfig"; path = "Target Support Files/Pods-TypesOfAnimation/Pods-TypesOfAnimation.debug.xcconfig"; sourceTree = "<group>"; };
		F6A2E0F4C4DAF6BAAD918DE8 /* Pods-TypesOfAnimation.release.xcconfig */ = {isa = PBXFileReference; includeInIndex = 1; lastKnownFileType = text.xcconfig; name = "Pods-TypesOfAnimation.release.xcconfig"; path = "Target Support Files/Pods-TypesOfAnimation/Pods-TypesOfAnimation.release.xcconfig"; sourceTree = "<group>"; };
		FAE6C6F5263842550017168F /* TypesOfAnimation.app */ = {isa = PBXFileReference; explicitFileType = wrapper.application; includeInIndex = 0; path = TypesOfAnimation.app; sourceTree = BUILT_PRODUCTS_DIR; };
		FAE6C6F8263842550017168F /* AppDelegate.swift */ = {isa = PBXFileReference; lastKnownFileType = sourcecode.swift; path = AppDelegate.swift; sourceTree = "<group>"; };
		FAE6C6FA263842550017168F /* SceneDelegate.swift */ = {isa = PBXFileReference; lastKnownFileType = sourcecode.swift; path = SceneDelegate.swift; sourceTree = "<group>"; };
		FAE6C6FC263842550017168F /* ViewController.swift */ = {isa = PBXFileReference; lastKnownFileType = sourcecode.swift; path = ViewController.swift; sourceTree = "<group>"; };
		FAE6C6FF263842550017168F /* Base */ = {isa = PBXFileReference; lastKnownFileType = file.storyboard; name = Base; path = Base.lproj/Main.storyboard; sourceTree = "<group>"; };
		FAE6C701263842560017168F /* Assets.xcassets */ = {isa = PBXFileReference; lastKnownFileType = folder.assetcatalog; path = Assets.xcassets; sourceTree = "<group>"; };
		FAE6C704263842560017168F /* Base */ = {isa = PBXFileReference; lastKnownFileType = file.storyboard; name = Base; path = Base.lproj/LaunchScreen.storyboard; sourceTree = "<group>"; };
		FAE6C706263842560017168F /* Info.plist */ = {isa = PBXFileReference; lastKnownFileType = text.plist.xml; path = Info.plist; sourceTree = "<group>"; };
		FAE6C716263880560017168F /* Model.swift */ = {isa = PBXFileReference; lastKnownFileType = sourcecode.swift; path = Model.swift; sourceTree = "<group>"; };
		FAE6C71926388A900017168F /* DataManager.swift */ = {isa = PBXFileReference; lastKnownFileType = sourcecode.swift; path = DataManager.swift; sourceTree = "<group>"; };
/* End PBXFileReference section */

/* Begin PBXFrameworksBuildPhase section */
		FAE6C6F2263842550017168F /* Frameworks */ = {
			isa = PBXFrameworksBuildPhase;
			buildActionMask = 2147483647;
			files = (
				3802E2F26345384FAF96977E /* Pods_TypesOfAnimation.framework in Frameworks */,
			);
			runOnlyForDeploymentPostprocessing = 0;
		};
/* End PBXFrameworksBuildPhase section */

/* Begin PBXGroup section */
		6F1A3F1830F84EB1E235BE70 /* Pods */ = {
			isa = PBXGroup;
			children = (
				D1085495491615147E935BC0 /* Pods-TypesOfAnimation.debug.xcconfig */,
				F6A2E0F4C4DAF6BAAD918DE8 /* Pods-TypesOfAnimation.release.xcconfig */,
			);
			path = Pods;
			sourceTree = "<group>";
		};
		E55C6D41CABDC157606A2702 /* Frameworks */ = {
			isa = PBXGroup;
			children = (
				5BE058B70086446499D8884F /* Pods_TypesOfAnimation.framework */,
			);
			name = Frameworks;
			sourceTree = "<group>";
		};
		FAE6C6EC263842550017168F = {
			isa = PBXGroup;
			children = (
				FAE6C6F7263842550017168F /* TypesOfAnimation */,
				FAE6C6F6263842550017168F /* Products */,
				6F1A3F1830F84EB1E235BE70 /* Pods */,
				E55C6D41CABDC157606A2702 /* Frameworks */,
			);
			sourceTree = "<group>";
		};
		FAE6C6F6263842550017168F /* Products */ = {
			isa = PBXGroup;
			children = (
				FAE6C6F5263842550017168F /* TypesOfAnimation.app */,
			);
			name = Products;
			sourceTree = "<group>";
		};
		FAE6C6F7263842550017168F /* TypesOfAnimation */ = {
			isa = PBXGroup;
			children = (
				FAE6C6F8263842550017168F /* AppDelegate.swift */,
				FAE6C6FA263842550017168F /* SceneDelegate.swift */,
				FAE6C6FC263842550017168F /* ViewController.swift */,
				FAE6C6FE263842550017168F /* Main.storyboard */,
				FAE6C701263842560017168F /* Assets.xcassets */,
				FAE6C703263842560017168F /* LaunchScreen.storyboard */,
				FAE6C706263842560017168F /* Info.plist */,
				FAE6C716263880560017168F /* Model.swift */,
				FAE6C71926388A900017168F /* DataManager.swift */,
			);
			path = TypesOfAnimation;
			sourceTree = "<group>";
		};
/* End PBXGroup section */

/* Begin PBXNativeTarget section */
		FAE6C6F4263842550017168F /* TypesOfAnimation */ = {
			isa = PBXNativeTarget;
			buildConfigurationList = FAE6C709263842560017168F /* Build configuration list for PBXNativeTarget "TypesOfAnimation" */;
			buildPhases = (
				FFDE03F29400D29596D62578 /* [CP] Check Pods Manifest.lock */,
				FAE6C6F1263842550017168F /* Sources */,
				FAE6C6F2263842550017168F /* Frameworks */,
				FAE6C6F3263842550017168F /* Resources */,
				45E042DC59F02D07D36D964C /* [CP] Embed Pods Frameworks */,
			);
			buildRules = (
			);
			dependencies = (
			);
			name = TypesOfAnimation;
			productName = TypesOfAnimation;
			productReference = FAE6C6F5263842550017168F /* TypesOfAnimation.app */;
			productType = "com.apple.product-type.application";
		};
/* End PBXNativeTarget section */

/* Begin PBXProject section */
		FAE6C6ED263842550017168F /* Project object */ = {
			isa = PBXProject;
			attributes = {
				LastSwiftUpdateCheck = 1240;
				LastUpgradeCheck = 1240;
				TargetAttributes = {
					FAE6C6F4263842550017168F = {
						CreatedOnToolsVersion = 12.4;
					};
				};
			};
			buildConfigurationList = FAE6C6F0263842550017168F /* Build configuration list for PBXProject "TypesOfAnimation" */;
			compatibilityVersion = "Xcode 9.3";
			developmentRegion = en;
			hasScannedForEncodings = 0;
			knownRegions = (
				en,
				Base,
			);
			mainGroup = FAE6C6EC263842550017168F;
			productRefGroup = FAE6C6F6263842550017168F /* Products */;
			projectDirPath = "";
			projectRoot = "";
			targets = (
				FAE6C6F4263842550017168F /* TypesOfAnimation */,
			);
		};
/* End PBXProject section */

/* Begin PBXResourcesBuildPhase section */
		FAE6C6F3263842550017168F /* Resources */ = {
			isa = PBXResourcesBuildPhase;
			buildActionMask = 2147483647;
			files = (
				FAE6C705263842560017168F /* LaunchScreen.storyboard in Resources */,
				FAE6C702263842560017168F /* Assets.xcassets in Resources */,
				FAE6C700263842550017168F /* Main.storyboard in Resources */,
			);
			runOnlyForDeploymentPostprocessing = 0;
		};
/* End PBXResourcesBuildPhase section */

/* Begin PBXShellScriptBuildPhase section */
		45E042DC59F02D07D36D964C /* [CP] Embed Pods Frameworks */ = {
			isa = PBXShellScriptBuildPhase;
			buildActionMask = 2147483647;
			files = (
			);
			inputFileListPaths = (
				"${PODS_ROOT}/Target Support Files/Pods-TypesOfAnimation/Pods-TypesOfAnimation-frameworks-${CONFIGURATION}-input-files.xcfilelist",
			);
			name = "[CP] Embed Pods Frameworks";
			outputFileListPaths = (
				"${PODS_ROOT}/Target Support Files/Pods-TypesOfAnimation/Pods-TypesOfAnimation-frameworks-${CONFIGURATION}-output-files.xcfilelist",
			);
			runOnlyForDeploymentPostprocessing = 0;
			shellPath = /bin/sh;
			shellScript = "\"${PODS_ROOT}/Target Support Files/Pods-TypesOfAnimation/Pods-TypesOfAnimation-frameworks.sh\"\n";
			showEnvVarsInLog = 0;
		};
		FFDE03F29400D29596D62578 /* [CP] Check Pods Manifest.lock */ = {
			isa = PBXShellScriptBuildPhase;
			buildActionMask = 2147483647;
			files = (
			);
			inputFileListPaths = (
			);
			inputPaths = (
				"${PODS_PODFILE_DIR_PATH}/Podfile.lock",
				"${PODS_ROOT}/Manifest.lock",
			);
			name = "[CP] Check Pods Manifest.lock";
			outputFileListPaths = (
			);
			outputPaths = (
				"$(DERIVED_FILE_DIR)/Pods-TypesOfAnimation-checkManifestLockResult.txt",
			);
			runOnlyForDeploymentPostprocessing = 0;
			shellPath = /bin/sh;
			shellScript = "diff \"${PODS_PODFILE_DIR_PATH}/Podfile.lock\" \"${PODS_ROOT}/Manifest.lock\" > /dev/null\nif [ $? != 0 ] ; then\n    # print error to STDERR\n    echo \"error: The sandbox is not in sync with the Podfile.lock. Run 'pod install' or update your CocoaPods installation.\" >&2\n    exit 1\nfi\n# This output is used by Xcode 'outputs' to avoid re-running this script phase.\necho \"SUCCESS\" > \"${SCRIPT_OUTPUT_FILE_0}\"\n";
			showEnvVarsInLog = 0;
		};
/* End PBXShellScriptBuildPhase section */

/* Begin PBXSourcesBuildPhase section */
		FAE6C6F1263842550017168F /* Sources */ = {
			isa = PBXSourcesBuildPhase;
			buildActionMask = 2147483647;
			files = (
				FAE6C6FD263842550017168F /* ViewController.swift in Sources */,
				FAE6C71A26388A900017168F /* DataManager.swift in Sources */,
				FAE6C6F9263842550017168F /* AppDelegate.swift in Sources */,
				FAE6C6FB263842550017168F /* SceneDelegate.swift in Sources */,
				FAE6C717263880560017168F /* Model.swift in Sources */,
			);
			runOnlyForDeploymentPostprocessing = 0;
		};
/* End PBXSourcesBuildPhase section */

/* Begin PBXVariantGroup section */
		FAE6C6FE263842550017168F /* Main.storyboard */ = {
			isa = PBXVariantGroup;
			children = (
				FAE6C6FF263842550017168F /* Base */,
			);
			name = Main.storyboard;
			sourceTree = "<group>";
		};
		FAE6C703263842560017168F /* LaunchScreen.storyboard */ = {
			isa = PBXVariantGroup;
			children = (
				FAE6C704263842560017168F /* Base */,
			);
			name = LaunchScreen.storyboard;
			sourceTree = "<group>";
		};
/* End PBXVariantGroup section */

/* Begin XCBuildConfiguration section */
		FAE6C707263842560017168F /* Debug */ = {
			isa = XCBuildConfiguration;
			buildSettings = {
				ALWAYS_SEARCH_USER_PATHS = NO;
				CLANG_ANALYZER_NONNULL = YES;
				CLANG_ANALYZER_NUMBER_OBJECT_CONVERSION = YES_AGGRESSIVE;
				CLANG_CXX_LANGUAGE_STANDARD = "gnu++14";
				CLANG_CXX_LIBRARY = "libc++";
				CLANG_ENABLE_MODULES = YES;
				CLANG_ENABLE_OBJC_ARC = YES;
				CLANG_ENABLE_OBJC_WEAK = YES;
				CLANG_WARN_BLOCK_CAPTURE_AUTORELEASING = YES;
				CLANG_WARN_BOOL_CONVERSION = YES;
				CLANG_WARN_COMMA = YES;
				CLANG_WARN_CONSTANT_CONVERSION = YES;
				CLANG_WARN_DEPRECATED_OBJC_IMPLEMENTATIONS = YES;
				CLANG_WARN_DIRECT_OBJC_ISA_USAGE = YES_ERROR;
				CLANG_WARN_DOCUMENTATION_COMMENTS = YES;
				CLANG_WARN_EMPTY_BODY = YES;
				CLANG_WARN_ENUM_CONVERSION = YES;
				CLANG_WARN_INFINITE_RECURSION = YES;
				CLANG_WARN_INT_CONVERSION = YES;
				CLANG_WARN_NON_LITERAL_NULL_CONVERSION = YES;
				CLANG_WARN_OBJC_IMPLICIT_RETAIN_SELF = YES;
				CLANG_WARN_OBJC_LITERAL_CONVERSION = YES;
				CLANG_WARN_OBJC_ROOT_CLASS = YES_ERROR;
				CLANG_WARN_QUOTED_INCLUDE_IN_FRAMEWORK_HEADER = YES;
				CLANG_WARN_RANGE_LOOP_ANALYSIS = YES;
				CLANG_WARN_STRICT_PROTOTYPES = YES;
				CLANG_WARN_SUSPICIOUS_MOVE = YES;
				CLANG_WARN_UNGUARDED_AVAILABILITY = YES_AGGRESSIVE;
				CLANG_WARN_UNREACHABLE_CODE = YES;
				CLANG_WARN__DUPLICATE_METHOD_MATCH = YES;
				COPY_PHASE_STRIP = NO;
				DEBUG_INFORMATION_FORMAT = dwarf;
				ENABLE_STRICT_OBJC_MSGSEND = YES;
				ENABLE_TESTABILITY = YES;
				GCC_C_LANGUAGE_STANDARD = gnu11;
				GCC_DYNAMIC_NO_PIC = NO;
				GCC_NO_COMMON_BLOCKS = YES;
				GCC_OPTIMIZATION_LEVEL = 0;
				GCC_PREPROCESSOR_DEFINITIONS = (
					"DEBUG=1",
					"$(inherited)",
				);
				GCC_WARN_64_TO_32_BIT_CONVERSION = YES;
				GCC_WARN_ABOUT_RETURN_TYPE = YES_ERROR;
				GCC_WARN_UNDECLARED_SELECTOR = YES;
				GCC_WARN_UNINITIALIZED_AUTOS = YES_AGGRESSIVE;
				GCC_WARN_UNUSED_FUNCTION = YES;
				GCC_WARN_UNUSED_VARIABLE = YES;
				IPHONEOS_DEPLOYMENT_TARGET = 14.4;
				MTL_ENABLE_DEBUG_INFO = INCLUDE_SOURCE;
				MTL_FAST_MATH = YES;
				ONLY_ACTIVE_ARCH = YES;
				SDKROOT = iphoneos;
				SWIFT_ACTIVE_COMPILATION_CONDITIONS = DEBUG;
				SWIFT_OPTIMIZATION_LEVEL = "-Onone";
			};
			name = Debug;
		};
		FAE6C708263842560017168F /* Release */ = {
			isa = XCBuildConfiguration;
			buildSettings = {
				ALWAYS_SEARCH_USER_PATHS = NO;
				CLANG_ANALYZER_NONNULL = YES;
				CLANG_ANALYZER_NUMBER_OBJECT_CONVERSION = YES_AGGRESSIVE;
				CLANG_CXX_LANGUAGE_STANDARD = "gnu++14";
				CLANG_CXX_LIBRARY = "libc++";
				CLANG_ENABLE_MODULES = YES;
				CLANG_ENABLE_OBJC_ARC = YES;
				CLANG_ENABLE_OBJC_WEAK = YES;
				CLANG_WARN_BLOCK_CAPTURE_AUTORELEASING = YES;
				CLANG_WARN_BOOL_CONVERSION = YES;
				CLANG_WARN_COMMA = YES;
				CLANG_WARN_CONSTANT_CONVERSION = YES;
				CLANG_WARN_DEPRECATED_OBJC_IMPLEMENTATIONS = YES;
				CLANG_WARN_DIRECT_OBJC_ISA_USAGE = YES_ERROR;
				CLANG_WARN_DOCUMENTATION_COMMENTS = YES;
				CLANG_WARN_EMPTY_BODY = YES;
				CLANG_WARN_ENUM_CONVERSION = YES;
				CLANG_WARN_INFINITE_RECURSION = YES;
				CLANG_WARN_INT_CONVERSION = YES;
				CLANG_WARN_NON_LITERAL_NULL_CONVERSION = YES;
				CLANG_WARN_OBJC_IMPLICIT_RETAIN_SELF = YES;
				CLANG_WARN_OBJC_LITERAL_CONVERSION = YES;
				CLANG_WARN_OBJC_ROOT_CLASS = YES_ERROR;
				CLANG_WARN_QUOTED_INCLUDE_IN_FRAMEWORK_HEADER = YES;
				CLANG_WARN_RANGE_LOOP_ANALYSIS = YES;
				CLANG_WARN_STRICT_PROTOTYPES = YES;
				CLANG_WARN_SUSPICIOUS_MOVE = YES;
				CLANG_WARN_UNGUARDED_AVAILABILITY = YES_AGGRESSIVE;
				CLANG_WARN_UNREACHABLE_CODE = YES;
				CLANG_WARN__DUPLICATE_METHOD_MATCH = YES;
				COPY_PHASE_STRIP = NO;
				DEBUG_INFORMATION_FORMAT = "dwarf-with-dsym";
				ENABLE_NS_ASSERTIONS = NO;
				ENABLE_STRICT_OBJC_MSGSEND = YES;
				GCC_C_LANGUAGE_STANDARD = gnu11;
				GCC_NO_COMMON_BLOCKS = YES;
				GCC_WARN_64_TO_32_BIT_CONVERSION = YES;
				GCC_WARN_ABOUT_RETURN_TYPE = YES_ERROR;
				GCC_WARN_UNDECLARED_SELECTOR = YES;
				GCC_WARN_UNINITIALIZED_AUTOS = YES_AGGRESSIVE;
				GCC_WARN_UNUSED_FUNCTION = YES;
				GCC_WARN_UNUSED_VARIABLE = YES;
				IPHONEOS_DEPLOYMENT_TARGET = 14.4;
				MTL_ENABLE_DEBUG_INFO = NO;
				MTL_FAST_MATH = YES;
				SDKROOT = iphoneos;
				SWIFT_COMPILATION_MODE = wholemodule;
				SWIFT_OPTIMIZATION_LEVEL = "-O";
				VALIDATE_PRODUCT = YES;
			};
			name = Release;
		};
		FAE6C70A263842560017168F /* Debug */ = {
			isa = XCBuildConfiguration;
			baseConfigurationReference = D1085495491615147E935BC0 /* Pods-TypesOfAnimation.debug.xcconfig */;
			buildSettings = {
				ASSETCATALOG_COMPILER_APPICON_NAME = AppIcon;
				ASSETCATALOG_COMPILER_GLOBAL_ACCENT_COLOR_NAME = AccentColor;
				CODE_SIGN_STYLE = Automatic;
				INFOPLIST_FILE = TypesOfAnimation/Info.plist;
				LD_RUNPATH_SEARCH_PATHS = (
					"$(inherited)",
					"@executable_path/Frameworks",
				);
				PRODUCT_BUNDLE_IDENTIFIER = "Nikita-Alekseev.TypesOfAnimation";
				PRODUCT_NAME = "$(TARGET_NAME)";
				SWIFT_VERSION = 5.0;
				TARGETED_DEVICE_FAMILY = "1,2";
			};
			name = Debug;
		};
		FAE6C70B263842560017168F /* Release */ = {
			isa = XCBuildConfiguration;
			baseConfigurationReference = F6A2E0F4C4DAF6BAAD918DE8 /* Pods-TypesOfAnimation.release.xcconfig */;
			buildSettings = {
				ASSETCATALOG_COMPILER_APPICON_NAME = AppIcon;
				ASSETCATALOG_COMPILER_GLOBAL_ACCENT_COLOR_NAME = AccentColor;
				CODE_SIGN_STYLE = Automatic;
				INFOPLIST_FILE = TypesOfAnimation/Info.plist;
				LD_RUNPATH_SEARCH_PATHS = (
					"$(inherited)",
					"@executable_path/Frameworks",
				);
				PRODUCT_BUNDLE_IDENTIFIER = "Nikita-Alekseev.TypesOfAnimation";
				PRODUCT_NAME = "$(TARGET_NAME)";
				SWIFT_VERSION = 5.0;
				TARGETED_DEVICE_FAMILY = "1,2";
			};
			name = Release;
		};
/* End XCBuildConfiguration section */

/* Begin XCConfigurationList section */
		FAE6C6F0263842550017168F /* Build configuration list for PBXProject "TypesOfAnimation" */ = {
			isa = XCConfigurationList;
			buildConfigurations = (
				FAE6C707263842560017168F /* Debug */,
				FAE6C708263842560017168F /* Release */,
			);
			defaultConfigurationIsVisible = 0;
			defaultConfigurationName = Release;
		};
		FAE6C709263842560017168F /* Build configuration list for PBXNativeTarget "TypesOfAnimation" */ = {
			isa = XCConfigurationList;
			buildConfigurations = (
				FAE6C70A263842560017168F /* Debug */,
				FAE6C70B263842560017168F /* Release */,
			);
			defaultConfigurationIsVisible = 0;
			defaultConfigurationName = Release;
		};
/* End XCConfigurationList section */
	};
	rootObject = FAE6C6ED263842550017168F /* Project object */;
}
